
Microsoft Visual Studio Solution File, Format Version 12.00
# Visual Studio Version 17
VisualStudioVersion = 17.14.36518.9
MinimumVisualStudioVersion = 10.0.40219.1
Project("{FAE04EC0-301F-11D3-BF4B-00C04F79EFBC}") = "InformationDisplayEnhancementQX", "InformationDisplayEnhancementQX\InformationDisplayEnhancementQX.csproj", "{98080CD9-C211-8052-6F02-A25FE8CA5FDD}"
EndProject
Global
	GlobalSection(SolutionConfigurationPlatforms) = preSolution
		Debug|Any CPU = Debug|Any CPU
		Release|Any CPU = Release|Any CPU
	EndGlobalSection
	GlobalSection(ProjectConfigurationPlatforms) = postSolution
		{98080CD9-C211-8052-6F02-A25FE8CA5FDD}.Debug|Any CPU.ActiveCfg = Debug|Any CPU
		{98080CD9-C211-8052-6F02-A25FE8CA5FDD}.Debug|Any CPU.Build.0 = Debug|Any CPU
		{98080CD9-C211-8052-6F02-A25FE8CA5FDD}.Release|Any CPU.ActiveCfg = Release|Any CPU
		{98080CD9-C211-8052-6F02-A25FE8CA5FDD}.Release|Any CPU.Build.0 = Release|Any CPU
	EndGlobalSection
	GlobalSection(SolutionProperties) = preSolution
		HideSolutionNode = FALSE
	EndGlobalSection
	GlobalSection(ExtensibilityGlobals) = postSolution
		SolutionGuid = {6FCCF5FF-BA94-4FDD-9543-341D83F38B25}
	EndGlobalSection
EndGlobal
